
Microsoft Visual Studio Solution File, Format Version 10.00
# Visual Basic Express 2008
Project("{F184B08F-C81C-45F6-A57F-5ABD9991F28F}") = "Sonic 2 Text Code Generator", "Sonic 2 Text Code Generator\Sonic 2 Text Code Generator.vbproj", "{B57F94C8-CA02-4D1F-9891-2304E6919619}"
EndProject
Global
	GlobalSection(SolutionConfigurationPlatforms) = preSolution
		Debug|Any CPU = Debug|Any CPU
		Release|Any CPU = Release|Any CPU
	EndGlobalSection
	GlobalSection(ProjectConfigurationPlatforms) = postSolution
		{B57F94C8-CA02-4D1F-9891-2304E6919619}.Debug|Any CPU.ActiveCfg = Debug|Any CPU
		{B57F94C8-CA02-4D1F-9891-2304E6919619}.Debug|Any CPU.Build.0 = Debug|Any CPU
		{B57F94C8-CA02-4D1F-9891-2304E6919619}.Release|Any CPU.ActiveCfg = Release|Any CPU
		{B57F94C8-CA02-4D1F-9891-2304E6919619}.Release|Any CPU.Build.0 = Release|Any CPU
	EndGlobalSection
	GlobalSection(SolutionProperties) = preSolution
		HideSolutionNode = FALSE
	EndGlobalSection
EndGlobal
